// !$*UTF8*$!
{
	archiveVersion = 1;
	classes = {
	};
	objectVersion = 50;
	objects = {

/* Begin PBXBuildFile section */
		9F19FCC22297C4E900A1B60F /* 10.jpeg in Resources */ = {isa = PBXBuildFile; fileRef = 9F19FCB82297C4E800A1B60F /* 10.jpeg */; };
		9F19FCC32297C4E900A1B60F /* 1.jpeg in Resources */ = {isa = PBXBuildFile; fileRef = 9F19FCB92297C4E800A1B60F /* 1.jpeg */; };
		9F19FCC42297C4E900A1B60F /* 6.jpeg in Resources */ = {isa = PBXBuildFile; fileRef = 9F19FCBA2297C4E800A1B60F /* 6.jpeg */; };
		9F19FCC52297C4E900A1B60F /* 7.jpeg in Resources */ = {isa = PBXBuildFile; fileRef = 9F19FCBB2297C4E800A1B60F /* 7.jpeg */; };
		9F19FCC62297C4E900A1B60F /* 8.jpeg in Resources */ = {isa = PBXBuildFile; fileRef = 9F19FCBC2297C4E800A1B60F /* 8.jpeg */; };
		9F19FCC72297C4E900A1B60F /* 4.jpeg in Resources */ = {isa = PBXBuildFile; fileRef = 9F19FCBD2297C4E800A1B60F /* 4.jpeg */; };
		9F19FCC82297C4E900A1B60F /* 5.jpeg in Resources */ = {isa = PBXBuildFile; fileRef = 9F19FCBE2297C4E800A1B60F /* 5.jpeg */; };
		9F19FCC92297C4E900A1B60F /* 9.jpeg in Resources */ = {isa = PBXBuildFile; fileRef = 9F19FCBF2297C4E800A1B60F /* 9.jpeg */; };
		9F19FCCA2297C4E900A1B60F /* 2.jpeg in Resources */ = {isa = PBXBuildFile; fileRef = 9F19FCC02297C4E800A1B60F /* 2.jpeg */; };
		9F19FCCB2297C4E900A1B60F /* 3.jpeg in Resources */ = {isa = PBXBuildFile; fileRef = 9F19FCC12297C4E800A1B60F /* 3.jpeg */; };
		9F82C04322968321003E3594 /* AppDelegate.swift in Sources */ = {isa = PBXBuildFile; fileRef = 9F82C04222968321003E3594 /* AppDelegate.swift */; };
		9F82C04522968321003E3594 /* ViewController.swift in Sources */ = {isa = PBXBuildFile; fileRef = 9F82C04422968321003E3594 /* ViewController.swift */; };
		9F82C04822968321003E3594 /* Main.storyboard in Resources */ = {isa = PBXBuildFile; fileRef = 9F82C04622968321003E3594 /* Main.storyboard */; };
		9F82C04A22968322003E3594 /* Assets.xcassets in Resources */ = {isa = PBXBuildFile; fileRef = 9F82C04922968322003E3594 /* Assets.xcassets */; };
		9F82C04D22968322003E3594 /* LaunchScreen.storyboard in Resources */ = {isa = PBXBuildFile; fileRef = 9F82C04B22968322003E3594 /* LaunchScreen.storyboard */; };
		9F82C0892296CD26003E3594 /* ShowAllViewController.swift in Sources */ = {isa = PBXBuildFile; fileRef = 9F82C0882296CD26003E3594 /* ShowAllViewController.swift */; };
		9F82C08C2296CD49003E3594 /* ImageCell.swift in Sources */ = {isa = PBXBuildFile; fileRef = 9F82C08A2296CD49003E3594 /* ImageCell.swift */; };
		9F82C08D2296CD49003E3594 /* GridLayout.swift in Sources */ = {isa = PBXBuildFile; fileRef = 9F82C08B2296CD49003E3594 /* GridLayout.swift */; };
/* End PBXBuildFile section */

/* Begin PBXFileReference section */
		9F19FCB82297C4E800A1B60F /* 10.jpeg */ = {isa = PBXFileReference; lastKnownFileType = image.jpeg; path = 10.jpeg; sourceTree = "<group>"; };
		9F19FCB92297C4E800A1B60F /* 1.jpeg */ = {isa = PBXFileReference; lastKnownFileType = image.jpeg; path = 1.jpeg; sourceTree = "<group>"; };
		9F19FCBA2297C4E800A1B60F /* 6.jpeg */ = {isa = PBXFileReference; lastKnownFileType = image.jpeg; path = 6.jpeg; sourceTree = "<group>"; };
		9F19FCBB2297C4E800A1B60F /* 7.jpeg */ = {isa = PBXFileReference; lastKnownFileType = image.jpeg; path = 7.jpeg; sourceTree = "<group>"; };
		9F19FCBC2297C4E800A1B60F /* 8.jpeg */ = {isa = PBXFileReference; lastKnownFileType = image.jpeg; path = 8.jpeg; sourceTree = "<group>"; };
		9F19FCBD2297C4E800A1B60F /* 4.jpeg */ = {isa = PBXFileReference; lastKnownFileType = image.jpeg; path = 4.jpeg; sourceTree = "<group>"; };
		9F19FCBE2297C4E800A1B60F /* 5.jpeg */ = {isa = PBXFileReference; lastKnownFileType = image.jpeg; path = 5.jpeg; sourceTree = "<group>"; };
		9F19FCBF2297C4E800A1B60F /* 9.jpeg */ = {isa = PBXFileReference; lastKnownFileType = image.jpeg; path = 9.jpeg; sourceTree = "<group>"; };
		9F19FCC02297C4E800A1B60F /* 2.jpeg */ = {isa = PBXFileReference; lastKnownFileType = image.jpeg; path = 2.jpeg; sourceTree = "<group>"; };
		9F19FCC12297C4E800A1B60F /* 3.jpeg */ = {isa = PBXFileReference; lastKnownFileType = image.jpeg; path = 3.jpeg; sourceTree = "<group>"; };
		9F82C03F22968321003E3594 /* PhotoGallery.app */ = {isa = PBXFileReference; explicitFileType = wrapper.application; includeInIndex = 0; path = PhotoGallery.app; sourceTree = BUILT_PRODUCTS_DIR; };
		9F82C04222968321003E3594 /* AppDelegate.swift */ = {isa = PBXFileReference; lastKnownFileType = sourcecode.swift; path = AppDelegate.swift; sourceTree = "<group>"; };
		9F82C04422968321003E3594 /* ViewController.swift */ = {isa = PBXFileReference; lastKnownFileType = sourcecode.swift; path = ViewController.swift; sourceTree = "<group>"; };
		9F82C04722968321003E3594 /* Base */ = {isa = PBXFileReference; lastKnownFileType = file.storyboard; name = Base; path = Base.lproj/Main.storyboard; sourceTree = "<group>"; };
		9F82C04922968322003E3594 /* Assets.xcassets */ = {isa = PBXFileReference; lastKnownFileType = folder.assetcatalog; path = Assets.xcassets; sourceTree = "<group>"; };
		9F82C04C22968322003E3594 /* Base */ = {isa = PBXFileReference; lastKnownFileType = file.storyboard; name = Base; path = Base.lproj/LaunchScreen.storyboard; sourceTree = "<group>"; };
		9F82C04E22968322003E3594 /* Info.plist */ = {isa = PBXFileReference; lastKnownFileType = text.plist.xml; path = Info.plist; sourceTree = "<group>"; };
		9F82C0882296CD26003E3594 /* ShowAllViewController.swift */ = {isa = PBXFileReference; lastKnownFileType = sourcecode.swift; path = ShowAllViewController.swift; sourceTree = "<group>"; };
		9F82C08A2296CD49003E3594 /* ImageCell.swift */ = {isa = PBXFileReference; fileEncoding = 4; lastKnownFileType = sourcecode.swift; path = ImageCell.swift; sourceTree = "<group>"; };
		9F82C08B2296CD49003E3594 /* GridLayout.swift */ = {isa = PBXFileReference; fileEncoding = 4; lastKnownFileType = sourcecode.swift; path = GridLayout.swift; sourceTree = "<group>"; };
/* End PBXFileReference section */

/* Begin PBXFrameworksBuildPhase section */
		9F82C03C22968321003E3594 /* Frameworks */ = {
			isa = PBXFrameworksBuildPhase;
			buildActionMask = 2147483647;
			files = (
			);
			runOnlyForDeploymentPostprocessing = 0;
		};
/* End PBXFrameworksBuildPhase section */

/* Begin PBXGroup section */
		9F19FCB72297C4E800A1B60F /* pictures */ = {
			isa = PBXGroup;
			children = (
				9F19FCB82297C4E800A1B60F /* 10.jpeg */,
				9F19FCB92297C4E800A1B60F /* 1.jpeg */,
				9F19FCBA2297C4E800A1B60F /* 6.jpeg */,
				9F19FCBB2297C4E800A1B60F /* 7.jpeg */,
				9F19FCBC2297C4E800A1B60F /* 8.jpeg */,
				9F19FCBD2297C4E800A1B60F /* 4.jpeg */,
				9F19FCBE2297C4E800A1B60F /* 5.jpeg */,
				9F19FCBF2297C4E800A1B60F /* 9.jpeg */,
				9F19FCC02297C4E800A1B60F /* 2.jpeg */,
				9F19FCC12297C4E800A1B60F /* 3.jpeg */,
			);
			path = pictures;
			sourceTree = "<group>";
		};
		9F82C03622968321003E3594 = {
			isa = PBXGroup;
			children = (
				9F82C04122968321003E3594 /* PhotoGallery */,
				9F82C04022968321003E3594 /* Products */,
			);
			sourceTree = "<group>";
		};
		9F82C04022968321003E3594 /* Products */ = {
			isa = PBXGroup;
			children = (
				9F82C03F22968321003E3594 /* PhotoGallery.app */,
			);
			name = Products;
			sourceTree = "<group>";
		};
		9F82C04122968321003E3594 /* PhotoGallery */ = {
			isa = PBXGroup;
			children = (
				9F82C04222968321003E3594 /* AppDelegate.swift */,
				9F82C04422968321003E3594 /* ViewController.swift */,
				9F82C0882296CD26003E3594 /* ShowAllViewController.swift */,
				9F82C08B2296CD49003E3594 /* GridLayout.swift */,
				9F82C08A2296CD49003E3594 /* ImageCell.swift */,
				9F82C04622968321003E3594 /* Main.storyboard */,
				9F82C04922968322003E3594 /* Assets.xcassets */,
				9F82C04B22968322003E3594 /* LaunchScreen.storyboard */,
				9F82C04E22968322003E3594 /* Info.plist */,
				9F19FCB72297C4E800A1B60F /* pictures */,
			);
			path = PhotoGallery;
			sourceTree = "<group>";
		};
/* End PBXGroup section */

/* Begin PBXNativeTarget section */
		9F82C03E22968321003E3594 /* PhotoGallery */ = {
			isa = PBXNativeTarget;
			buildConfigurationList = 9F82C05122968322003E3594 /* Build configuration list for PBXNativeTarget "PhotoGallery" */;
			buildPhases = (
				9F82C03B22968321003E3594 /* Sources */,
				9F82C03C22968321003E3594 /* Frameworks */,
				9F82C03D22968321003E3594 /* Resources */,
			);
			buildRules = (
			);
			dependencies = (
			);
			name = PhotoGallery;
			productName = PhotoGallery;
			productReference = 9F82C03F22968321003E3594 /* PhotoGallery.app */;
			productType = "com.apple.product-type.application";
		};
/* End PBXNativeTarget section */

/* Begin PBXProject section */
		9F82C03722968321003E3594 /* Project object */ = {
			isa = PBXProject;
			attributes = {
				LastSwiftUpdateCheck = 1020;
				LastUpgradeCheck = 1020;
				ORGANIZATIONNAME = swiftByTeddy;
				TargetAttributes = {
					9F82C03E22968321003E3594 = {
						CreatedOnToolsVersion = 10.2.1;
					};
				};
			};
			buildConfigurationList = 9F82C03A22968321003E3594 /* Build configuration list for PBXProject "PhotoGallery" */;
			compatibilityVersion = "Xcode 9.3";
			developmentRegion = en;
			hasScannedForEncodings = 0;
			knownRegions = (
				en,
				Base,
			);
			mainGroup = 9F82C03622968321003E3594;
			productRefGroup = 9F82C04022968321003E3594 /* Products */;
			projectDirPath = "";
			projectRoot = "";
			targets = (
				9F82C03E22968321003E3594 /* PhotoGallery */,
			);
		};
/* End PBXProject section */

/* Begin PBXResourcesBuildPhase section */
		9F82C03D22968321003E3594 /* Resources */ = {
			isa = PBXResourcesBuildPhase;
			buildActionMask = 2147483647;
			files = (
				9F19FCCB2297C4E900A1B60F /* 3.jpeg in Resources */,
				9F19FCC42297C4E900A1B60F /* 6.jpeg in Resources */,
				9F19FCC52297C4E900A1B60F /* 7.jpeg in Resources */,
				9F19FCC62297C4E900A1B60F /* 8.jpeg in Resources */,
				9F19FCC92297C4E900A1B60F /* 9.jpeg in Resources */,
				9F19FCC32297C4E900A1B60F /* 1.jpeg in Resources */,
				9F19FCC22297C4E900A1B60F /* 10.jpeg in Resources */,
				9F19FCC82297C4E900A1B60F /* 5.jpeg in Resources */,
				9F82C04D22968322003E3594 /* LaunchScreen.storyboard in Resources */,
				9F19FCCA2297C4E900A1B60F /* 2.jpeg in Resources */,
				9F82C04A22968322003E3594 /* Assets.xcassets in Resources */,
				9F19FCC72297C4E900A1B60F /* 4.jpeg in Resources */,
				9F82C04822968321003E3594 /* Main.storyboard in Resources */,
			);
			runOnlyForDeploymentPostprocessing = 0;
		};
/* End PBXResourcesBuildPhase section */

/* Begin PBXSourcesBuildPhase section */
		9F82C03B22968321003E3594 /* Sources */ = {
			isa = PBXSourcesBuildPhase;
			buildActionMask = 2147483647;
			files = (
				9F82C04522968321003E3594 /* ViewController.swift in Sources */,
				9F82C08C2296CD49003E3594 /* ImageCell.swift in Sources */,
				9F82C08D2296CD49003E3594 /* GridLayout.swift in Sources */,
				9F82C04322968321003E3594 /* AppDelegate.swift in Sources */,
				9F82C0892296CD26003E3594 /* ShowAllViewController.swift in Sources */,
			);
			runOnlyForDeploymentPostprocessing = 0;
		};
/* End PBXSourcesBuildPhase section */

/* Begin PBXVariantGroup section */
		9F82C04622968321003E3594 /* Main.storyboard */ = {
			isa = PBXVariantGroup;
			children = (
				9F82C04722968321003E3594 /* Base */,
			);
			name = Main.storyboard;
			sourceTree = "<group>";
		};
		9F82C04B22968322003E3594 /* LaunchScreen.storyboard */ = {
			isa = PBXVariantGroup;
			children = (
				9F82C04C22968322003E3594 /* Base */,
			);
			name = LaunchScreen.storyboard;
			sourceTree = "<group>";
		};
/* End PBXVariantGroup section */

/* Begin XCBuildConfiguration section */
		9F82C04F22968322003E3594 /* Debug */ = {
			isa = XCBuildConfiguration;
			buildSettings = {
				ALWAYS_SEARCH_USER_PATHS = NO;
				CLANG_ANALYZER_NONNULL = YES;
				CLANG_ANALYZER_NUMBER_OBJECT_CONVERSION = YES_AGGRESSIVE;
				CLANG_CXX_LANGUAGE_STANDARD = "gnu++14";
				CLANG_CXX_LIBRARY = "libc++";
				CLANG_ENABLE_MODULES = YES;
				CLANG_ENABLE_OBJC_ARC = YES;
				CLANG_ENABLE_OBJC_WEAK = YES;
				CLANG_WARN_BLOCK_CAPTURE_AUTORELEASING = YES;
				CLANG_WARN_BOOL_CONVERSION = YES;
				CLANG_WARN_COMMA = YES;
				CLANG_WARN_CONSTANT_CONVERSION = YES;
				CLANG_WARN_DEPRECATED_OBJC_IMPLEMENTATIONS = YES;
				CLANG_WARN_DIRECT_OBJC_ISA_USAGE = YES_ERROR;
				CLANG_WARN_DOCUMENTATION_COMMENTS = YES;
				CLANG_WARN_EMPTY_BODY = YES;
				CLANG_WARN_ENUM_CONVERSION = YES;
				CLANG_WARN_INFINITE_RECURSION = YES;
				CLANG_WARN_INT_CONVERSION = YES;
				CLANG_WARN_NON_LITERAL_NULL_CONVERSION = YES;
				CLANG_WARN_OBJC_IMPLICIT_RETAIN_SELF = YES;
				CLANG_WARN_OBJC_LITERAL_CONVERSION = YES;
				CLANG_WARN_OBJC_ROOT_CLASS = YES_ERROR;
				CLANG_WARN_RANGE_LOOP_ANALYSIS = YES;
				CLANG_WARN_STRICT_PROTOTYPES = YES;
				CLANG_WARN_SUSPICIOUS_MOVE = YES;
				CLANG_WARN_UNGUARDED_AVAILABILITY = YES_AGGRESSIVE;
				CLANG_WARN_UNREACHABLE_CODE = YES;
				CLANG_WARN__DUPLICATE_METHOD_MATCH = YES;
				CODE_SIGN_IDENTITY = "iPhone Developer";
				COPY_PHASE_STRIP = NO;
				DEBUG_INFORMATION_FORMAT = dwarf;
				ENABLE_STRICT_OBJC_MSGSEND = YES;
				ENABLE_TESTABILITY = YES;
				GCC_C_LANGUAGE_STANDARD = gnu11;
				GCC_DYNAMIC_NO_PIC = NO;
				GCC_NO_COMMON_BLOCKS = YES;
				GCC_OPTIMIZATION_LEVEL = 0;
				GCC_PREPROCESSOR_DEFINITIONS = (
					"DEBUG=1",
					"$(inherited)",
				);
				GCC_WARN_64_TO_32_BIT_CONVERSION = YES;
				GCC_WARN_ABOUT_RETURN_TYPE = YES_ERROR;
				GCC_WARN_UNDECLARED_SELECTOR = YES;
				GCC_WARN_UNINITIALIZED_AUTOS = YES_AGGRESSIVE;
				GCC_WARN_UNUSED_FUNCTION = YES;
				GCC_WARN_UNUSED_VARIABLE = YES;
				IPHONEOS_DEPLOYMENT_TARGET = 12.2;
				MTL_ENABLE_DEBUG_INFO = INCLUDE_SOURCE;
				MTL_FAST_MATH = YES;
				ONLY_ACTIVE_ARCH = YES;
				SDKROOT = iphoneos;
				SWIFT_ACTIVE_COMPILATION_CONDITIONS = DEBUG;
				SWIFT_OPTIMIZATION_LEVEL = "-Onone";
			};
			name = Debug;
		};
		9F82C05022968322003E3594 /* Release */ = {
			isa = XCBuildConfiguration;
			buildSettings = {
				ALWAYS_SEARCH_USER_PATHS = NO;
				CLANG_ANALYZER_NONNULL = YES;
				CLANG_ANALYZER_NUMBER_OBJECT_CONVERSION = YES_AGGRESSIVE;
				CLANG_CXX_LANGUAGE_STANDARD = "gnu++14";
				CLANG_CXX_LIBRARY = "libc++";
				CLANG_ENABLE_MODULES = YES;
				CLANG_ENABLE_OBJC_ARC = YES;
				CLANG_ENABLE_OBJC_WEAK = YES;
				CLANG_WARN_BLOCK_CAPTURE_AUTORELEASING = YES;
				CLANG_WARN_BOOL_CONVERSION = YES;
				CLANG_WARN_COMMA = YES;
				CLANG_WARN_CONSTANT_CONVERSION = YES;
				CLANG_WARN_DEPRECATED_OBJC_IMPLEMENTATIONS = YES;
				CLANG_WARN_DIRECT_OBJC_ISA_USAGE = YES_ERROR;
				CLANG_WARN_DOCUMENTATION_COMMENTS = YES;
				CLANG_WARN_EMPTY_BODY = YES;
				CLANG_WARN_ENUM_CONVERSION = YES;
				CLANG_WARN_INFINITE_RECURSION = YES;
				CLANG_WARN_INT_CONVERSION = YES;
				CLANG_WARN_NON_LITERAL_NULL_CONVERSION = YES;
				CLANG_WARN_OBJC_IMPLICIT_RETAIN_SELF = YES;
				CLANG_WARN_OBJC_LITERAL_CONVERSION = YES;
				CLANG_WARN_OBJC_ROOT_CLASS = YES_ERROR;
				CLANG_WARN_RANGE_LOOP_ANALYSIS = YES;
				CLANG_WARN_STRICT_PROTOTYPES = YES;
				CLANG_WARN_SUSPICIOUS_MOVE = YES;
				CLANG_WARN_UNGUARDED_AVAILABILITY = YES_AGGRESSIVE;
				CLANG_WARN_UNREACHABLE_CODE = YES;
				CLANG_WARN__DUPLICATE_METHOD_MATCH = YES;
				CODE_SIGN_IDENTITY = "iPhone Developer";
				COPY_PHASE_STRIP = NO;
				DEBUG_INFORMATION_FORMAT = "dwarf-with-dsym";
				ENABLE_NS_ASSERTIONS = NO;
				ENABLE_STRICT_OBJC_MSGSEND = YES;
				GCC_C_LANGUAGE_STANDARD = gnu11;
				GCC_NO_COMMON_BLOCKS = YES;
				GCC_WARN_64_TO_32_BIT_CONVERSION = YES;
				GCC_WARN_ABOUT_RETURN_TYPE = YES_ERROR;
				GCC_WARN_UNDECLARED_SELECTOR = YES;
				GCC_WARN_UNINITIALIZED_AUTOS = YES_AGGRESSIVE;
				GCC_WARN_UNUSED_FUNCTION = YES;
				GCC_WARN_UNUSED_VARIABLE = YES;
				IPHONEOS_DEPLOYMENT_TARGET = 12.2;
				MTL_ENABLE_DEBUG_INFO = NO;
				MTL_FAST_MATH = YES;
				SDKROOT = iphoneos;
				SWIFT_COMPILATION_MODE = wholemodule;
				SWIFT_OPTIMIZATION_LEVEL = "-O";
				VALIDATE_PRODUCT = YES;
			};
			name = Release;
		};
		9F82C05222968322003E3594 /* Debug */ = {
			isa = XCBuildConfiguration;
			buildSettings = {
				ASSETCATALOG_COMPILER_APPICON_NAME = AppIcon;
				CODE_SIGN_STYLE = Automatic;
				DEVELOPMENT_TEAM = 7AF2QG5R62;
				INFOPLIST_FILE = PhotoGallery/Info.plist;
				LD_RUNPATH_SEARCH_PATHS = (
					"$(inherited)",
					"@executable_path/Frameworks",
				);
				PRODUCT_BUNDLE_IDENTIFIER = swiftByTeddy.PhotoGallery;
				PRODUCT_NAME = "$(TARGET_NAME)";
				SWIFT_VERSION = 5.0;
				TARGETED_DEVICE_FAMILY = "1,2";
			};
			name = Debug;
		};
		9F82C05322968322003E3594 /* Release */ = {
			isa = XCBuildConfiguration;
			buildSettings = {
				ASSETCATALOG_COMPILER_APPICON_NAME = AppIcon;
				CODE_SIGN_STYLE = Automatic;
				DEVELOPMENT_TEAM = 7AF2QG5R62;
				INFOPLIST_FILE = PhotoGallery/Info.plist;
				LD_RUNPATH_SEARCH_PATHS = (
					"$(inherited)",
					"@executable_path/Frameworks",
				);
				PRODUCT_BUNDLE_IDENTIFIER = swiftByTeddy.PhotoGallery;
				PRODUCT_NAME = "$(TARGET_NAME)";
				SWIFT_VERSION = 5.0;
				TARGETED_DEVICE_FAMILY = "1,2";
			};
			name = Release;
		};
/* End XCBuildConfiguration section */

/* Begin XCConfigurationList section */
		9F82C03A22968321003E3594 /* Build configuration list for PBXProject "PhotoGallery" */ = {
			isa = XCConfigurationList;
			buildConfigurations = (
				9F82C04F22968322003E3594 /* Debug */,
				9F82C05022968322003E3594 /* Release */,
			);
			defaultConfigurationIsVisible = 0;
			defaultConfigurationName = Release;
		};
		9F82C05122968322003E3594 /* Build configuration list for PBXNativeTarget "PhotoGallery" */ = {
			isa = XCConfigurationList;
			buildConfigurations = (
				9F82C05222968322003E3594 /* Debug */,
				9F82C05322968322003E3594 /* Release */,
			);
			defaultConfigurationIsVisible = 0;
			defaultConfigurationName = Release;
		};
/* End XCConfigurationList section */
	};
	rootObject = 9F82C03722968321003E3594 /* Project object */;
}
